
Microsoft Visual Studio Solution File, Format Version 12.00
# Visual Studio Version 17
VisualStudioVersion = 17.3.32929.385
MinimumVisualStudioVersion = 10.0.40219.1
Project("{FAE04EC0-301F-11D3-BF4B-00C04F79EFBC}") = "SLVP_Uge4_SimpelKlasse", "SLVP_Uge4_SimpelKlasse.csproj", "{ACACCBF7-2617-48D4-BA40-1E1F53F7E61E}"
EndProject
Global
	GlobalSection(SolutionConfigurationPlatforms) = preSolution
		Debug|Any CPU = Debug|Any CPU
		Release|Any CPU = Release|Any CPU
	EndGlobalSection
	GlobalSection(ProjectConfigurationPlatforms) = postSolution
		{ACACCBF7-2617-48D4-BA40-1E1F53F7E61E}.Debug|Any CPU.ActiveCfg = Debug|Any CPU
		{ACACCBF7-2617-48D4-BA40-1E1F53F7E61E}.Debug|Any CPU.Build.0 = Debug|Any CPU
		{ACACCBF7-2617-48D4-BA40-1E1F53F7E61E}.Release|Any CPU.ActiveCfg = Release|Any CPU
		{ACACCBF7-2617-48D4-BA40-1E1F53F7E61E}.Release|Any CPU.Build.0 = Release|Any CPU
	EndGlobalSection
	GlobalSection(SolutionProperties) = preSolution
		HideSolutionNode = FALSE
	EndGlobalSection
	GlobalSection(ExtensibilityGlobals) = postSolution
		SolutionGuid = {FA8AC040-2E6B-4B7C-8438-EE9287EEFB6B}
	EndGlobalSection
EndGlobal
